{
  "nodes": {
    "home-manager": {
      "inputs": {
        "nixpkgs": [
          "nixpkgs"
        ]
      },
      "locked": {
        "lastModified": 1761066098,
        "narHash": "sha256-Fd65ryxzMRsNQ0MqaiT/b3TdinUOKUJ4PyCwnoKcvF0=",
        "owner": "nix-community",
        "repo": "home-manager",
        "rev": "13b2744e117993dc5066c1710585dcb99877684f",
        "type": "github"
      },
      "original": {
        "owner": "nix-community",
        "repo": "home-manager",
        "type": "github"
      }
    },
    "nixpkgs": {
      "locked": {
        "lastModified": 1760862643,
        "narHash": "sha256-PXwG0TM7Ek87DNx4LbGWuD93PbFeKAJs4FfALtp7Wo0=",
        "owner": "NixOS",
        "repo": "nixpkgs",
        "rev": "33c6dca0c0cb31d6addcd34e90a63ad61826b28c",
        "type": "github"
      },
      "original": {
        "owner": "NixOS",
        "ref": "nixos-25.05",
        "repo": "nixpkgs",
        "type": "github"
      }
    },
    "nixpkgs_2": {
      "locked": {
        "lastModified": 1758690382,
        "narHash": "sha256-NY3kSorgqE5LMm1LqNwGne3ZLMF2/ILgLpFr1fS4X3o=",
        "owner": "NixOS",
        "repo": "nixpkgs",
        "rev": "e643668fd71b949c53f8626614b21ff71a07379d",
        "type": "github"
      },
      "original": {
        "owner": "NixOS",
        "ref": "nixos-unstable",
        "repo": "nixpkgs",
        "type": "github"
      }
    },
    "root": {
      "inputs": {
        "home-manager": "home-manager",
        "nixpkgs": "nixpkgs",
        "winboat": "winboat"
      }
    },
    "winboat": {
      "inputs": {
        "nixpkgs": "nixpkgs_2"
      },
      "locked": {
        "lastModified": 1760970448,
        "narHash": "sha256-kLdYI2TD/flLy6fVNM9HGSl/2dMH02EDuXeowmfFgrw=",
        "owner": "TibixDev",
        "repo": "winboat",
        "rev": "c84a27727362ea8833a4a638a0737f64e28c6b07",
        "type": "github"
      },
      "original": {
        "owner": "TibixDev",
        "repo": "winboat",
        "type": "github"
      }
    }
  },
  "root": "root",
  "version": 7
}
